
Microsoft Visual Studio Solution File, Format Version 12.00
# Visual Studio Version 16
VisualStudioVersion = 16.0.29609.76
MinimumVisualStudioVersion = 10.0.40219.1
Project("{FAE04EC0-301F-11D3-BF4B-00C04F79EFBC}") = "HW_1_18-03-21", "HW_1_18-03-21\HW_1_18-03-21.csproj", "{20693773-D49B-4574-A4D3-8A467479AE9F}"
EndProject
Global
	GlobalSection(SolutionConfigurationPlatforms) = preSolution
		Debug|Any CPU = Debug|Any CPU
		Release|Any CPU = Release|Any CPU
	EndGlobalSection
	GlobalSection(ProjectConfigurationPlatforms) = postSolution
		{20693773-D49B-4574-A4D3-8A467479AE9F}.Debug|Any CPU.ActiveCfg = Debug|Any CPU
		{20693773-D49B-4574-A4D3-8A467479AE9F}.Debug|Any CPU.Build.0 = Debug|Any CPU
		{20693773-D49B-4574-A4D3-8A467479AE9F}.Release|Any CPU.ActiveCfg = Release|Any CPU
		{20693773-D49B-4574-A4D3-8A467479AE9F}.Release|Any CPU.Build.0 = Release|Any CPU
	EndGlobalSection
	GlobalSection(SolutionProperties) = preSolution
		HideSolutionNode = FALSE
	EndGlobalSection
	GlobalSection(ExtensibilityGlobals) = postSolution
		SolutionGuid = {7C0CB6B9-C0D9-42EB-A7B3-5A2431AE4E5C}
	EndGlobalSection
EndGlobal
